
Microsoft Visual Studio Solution File, Format Version 12.00
# Visual Studio 15
VisualStudioVersion = 15.0.28307.168
MinimumVisualStudioVersion = 10.0.40219.1
Project("{9A19103F-16F7-4668-BE54-9A1E7A4F7556}") = "cv-2-html", "cv-2-html.csproj", "{DD47A16A-DAA8-4401-B157-DC5E5A8C3C6E}"
EndProject
Project("{FAE04EC0-301F-11D3-BF4B-00C04F79EFBC}") = "CvToHtml.tests", "..\CvToHtml.tests\CvToHtml.tests.csproj", "{156566AC-A6D3-40DD-9211-5119248F2F72}"
EndProject
Global
	GlobalSection(SolutionConfigurationPlatforms) = preSolution
		Debug|Any CPU = Debug|Any CPU
		Release|Any CPU = Release|Any CPU
	EndGlobalSection
	GlobalSection(ProjectConfigurationPlatforms) = postSolution
		{DD47A16A-DAA8-4401-B157-DC5E5A8C3C6E}.Debug|Any CPU.ActiveCfg = Debug|Any CPU
		{DD47A16A-DAA8-4401-B157-DC5E5A8C3C6E}.Debug|Any CPU.Build.0 = Debug|Any CPU
		{DD47A16A-DAA8-4401-B157-DC5E5A8C3C6E}.Release|Any CPU.ActiveCfg = Release|Any CPU
		{DD47A16A-DAA8-4401-B157-DC5E5A8C3C6E}.Release|Any CPU.Build.0 = Release|Any CPU
		{156566AC-A6D3-40DD-9211-5119248F2F72}.Debug|Any CPU.ActiveCfg = Debug|Any CPU
		{156566AC-A6D3-40DD-9211-5119248F2F72}.Debug|Any CPU.Build.0 = Debug|Any CPU
		{156566AC-A6D3-40DD-9211-5119248F2F72}.Release|Any CPU.ActiveCfg = Release|Any CPU
		{156566AC-A6D3-40DD-9211-5119248F2F72}.Release|Any CPU.Build.0 = Release|Any CPU
	EndGlobalSection
	GlobalSection(SolutionProperties) = preSolution
		HideSolutionNode = FALSE
	EndGlobalSection
	GlobalSection(ExtensibilityGlobals) = postSolution
		SolutionGuid = {37E2E234-36B4-4234-93B0-B86A5D4BD6D5}
	EndGlobalSection
EndGlobal
